// !$*UTF8*$!
{
	archiveVersion = 1;
	classes = {
	};
	objectVersion = 46;
	objects = {

/* Begin PBXBuildFile section */
		2F9B72221A95C0E800542332 /* NewAlarmViewController.m in Sources */ = {isa = PBXBuildFile; fileRef = 2F9B72211A95C0E800542332 /* NewAlarmViewController.m */; };
		2F9B72251A95C29600542332 /* SetAlarmTableViewController.m in Sources */ = {isa = PBXBuildFile; fileRef = 2F9B72241A95C29600542332 /* SetAlarmTableViewController.m */; };
		2F9B72281A95CEB500542332 /* Alarm.m in Sources */ = {isa = PBXBuildFile; fileRef = 2F9B72271A95CEB500542332 /* Alarm.m */; };
		5A1378461A95871E00CA01BF /* Default-568h@2x.png in Resources */ = {isa = PBXBuildFile; fileRef = 5A1378451A95841700CA01BF /* Default-568h@2x.png */; };
		5A5D96811A9E6DE900E03779 /* Images.xcassets in Resources */ = {isa = PBXBuildFile; fileRef = 5AFFA7BF1A8E9BA200B5B429 /* Images.xcassets */; };
		5A81F04D1A9E80510031F2CD /* AlarmNavigationController.m in Sources */ = {isa = PBXBuildFile; fileRef = 5A81F04C1A9E80510031F2CD /* AlarmNavigationController.m */; };
		5A81F05A1A9EAF4E0031F2CD /* SwitchTableViewCell.m in Sources */ = {isa = PBXBuildFile; fileRef = 5A81F0591A9EAF4E0031F2CD /* SwitchTableViewCell.m */; };
		5A85E2391A95687A0077D491 /* Base64Transcoder.c in Sources */ = {isa = PBXBuildFile; fileRef = 5A85E2331A95687A0077D491 /* Base64Transcoder.c */; };
		5A85E23A1A95687A0077D491 /* hmac.c in Sources */ = {isa = PBXBuildFile; fileRef = 5A85E2351A95687A0077D491 /* hmac.c */; };
		5A85E23B1A95687A0077D491 /* sha1.c in Sources */ = {isa = PBXBuildFile; fileRef = 5A85E2371A95687A0077D491 /* sha1.c */; };
		5A85E2451A9568BB0077D491 /* LoginWebViewController.m in Sources */ = {isa = PBXBuildFile; fileRef = 5A85E23D1A9568BB0077D491 /* LoginWebViewController.m */; };
		5A85E2461A9568BB0077D491 /* NSString+URLEncoding.m in Sources */ = {isa = PBXBuildFile; fileRef = 5A85E23F1A9568BB0077D491 /* NSString+URLEncoding.m */; };
		5A85E2471A9568BB0077D491 /* OAuth1Controller.m in Sources */ = {isa = PBXBuildFile; fileRef = 5A85E2411A9568BB0077D491 /* OAuth1Controller.m */; };
		5A85E2481A9568BB0077D491 /* Info.plist in Resources */ = {isa = PBXBuildFile; fileRef = 5A85E2421A9568BB0077D491 /* Info.plist */; };
		5A85E2491A9568BB0077D491 /* AlarmFit.entitlements in Resources */ = {isa = PBXBuildFile; fileRef = 5A85E2441A9568BB0077D491 /* AlarmFit.entitlements */; };
		5A85E24C1A9574630077D491 /* UIKit.framework in Frameworks */ = {isa = PBXBuildFile; fileRef = 5A85E24B1A9574630077D491 /* UIKit.framework */; };
		5A85E24E1A95746E0077D491 /* Foundation.framework in Frameworks */ = {isa = PBXBuildFile; fileRef = 5A85E24D1A95746E0077D491 /* Foundation.framework */; };
		5A85E2501A9574760077D491 /* CoreGraphics.framework in Frameworks */ = {isa = PBXBuildFile; fileRef = 5A85E24F1A9574760077D491 /* CoreGraphics.framework */; };
		5AFDB4D61A9F2507008A4E77 /* StatisticsViewController.m in Sources */ = {isa = PBXBuildFile; fileRef = 5AFDB4D51A9F2507008A4E77 /* StatisticsViewController.m */; };
		5AFDB4DB1A9F2E15008A4E77 /* SettingsViewController.m in Sources */ = {isa = PBXBuildFile; fileRef = 5AFDB4DA1A9F2E15008A4E77 /* SettingsViewController.m */; };
		5AFDB4DE1A9F2E33008A4E77 /* PersonalAlarmViewController.m in Sources */ = {isa = PBXBuildFile; fileRef = 5AFDB4DD1A9F2E33008A4E77 /* PersonalAlarmViewController.m */; };
		5AFFA7B21A8E9BA200B5B429 /* main.m in Sources */ = {isa = PBXBuildFile; fileRef = 5AFFA7B11A8E9BA200B5B429 /* main.m */; };
		5AFFA7B51A8E9BA200B5B429 /* AppDelegate.m in Sources */ = {isa = PBXBuildFile; fileRef = 5AFFA7B41A8E9BA200B5B429 /* AppDelegate.m */; };
		5AFFA7B81A8E9BA200B5B429 /* FirstViewController.m in Sources */ = {isa = PBXBuildFile; fileRef = 5AFFA7B71A8E9BA200B5B429 /* FirstViewController.m */; };
		5AFFA7BB1A8E9BA200B5B429 /* SecondViewController.m in Sources */ = {isa = PBXBuildFile; fileRef = 5AFFA7BA1A8E9BA200B5B429 /* SecondViewController.m */; };
		5AFFA7BE1A8E9BA200B5B429 /* MainStoryboard.storyboard in Resources */ = {isa = PBXBuildFile; fileRef = 5AFFA7BC1A8E9BA200B5B429 /* MainStoryboard.storyboard */; };
		5AFFA7C31A8E9BA200B5B429 /* LaunchScreen.xib in Resources */ = {isa = PBXBuildFile; fileRef = 5AFFA7C11A8E9BA200B5B429 /* LaunchScreen.xib */; };
		5AFFA7CF1A8E9BA200B5B429 /* AlarmFitTests.m in Sources */ = {isa = PBXBuildFile; fileRef = 5AFFA7CE1A8E9BA200B5B429 /* AlarmFitTests.m */; };
/* End PBXBuildFile section */

/* Begin PBXContainerItemProxy section */
		5AFFA7C91A8E9BA200B5B429 /* PBXContainerItemProxy */ = {
			isa = PBXContainerItemProxy;
			containerPortal = 5AFFA7A41A8E9BA200B5B429 /* Project object */;
			proxyType = 1;
			remoteGlobalIDString = 5AFFA7AB1A8E9BA200B5B429;
			remoteInfo = AlarmFit;
		};
/* End PBXContainerItemProxy section */

/* Begin PBXFileReference section */
		2F9B72201A95C0E800542332 /* NewAlarmViewController.h */ = {isa = PBXFileReference; fileEncoding = 4; lastKnownFileType = sourcecode.c.h; path = NewAlarmViewController.h; sourceTree = "<group>"; };
		2F9B72211A95C0E800542332 /* NewAlarmViewController.m */ = {isa = PBXFileReference; fileEncoding = 4; lastKnownFileType = sourcecode.c.objc; path = NewAlarmViewController.m; sourceTree = "<group>"; };
		2F9B72231A95C29600542332 /* SetAlarmTableViewController.h */ = {isa = PBXFileReference; fileEncoding = 4; lastKnownFileType = sourcecode.c.h; path = SetAlarmTableViewController.h; sourceTree = "<group>"; };
		2F9B72241A95C29600542332 /* SetAlarmTableViewController.m */ = {isa = PBXFileReference; fileEncoding = 4; lastKnownFileType = sourcecode.c.objc; path = SetAlarmTableViewController.m; sourceTree = "<group>"; };
		2F9B72261A95CEB500542332 /* Alarm.h */ = {isa = PBXFileReference; fileEncoding = 4; lastKnownFileType = sourcecode.c.h; path = Alarm.h; sourceTree = "<group>"; };
		2F9B72271A95CEB500542332 /* Alarm.m */ = {isa = PBXFileReference; fileEncoding = 4; lastKnownFileType = sourcecode.c.objc; path = Alarm.m; sourceTree = "<group>"; };
		5A1378451A95841700CA01BF /* Default-568h@2x.png */ = {isa = PBXFileReference; lastKnownFileType = image.png; path = "Default-568h@2x.png"; sourceTree = "<group>"; };
		5A81F04B1A9E80510031F2CD /* AlarmNavigationController.h */ = {isa = PBXFileReference; fileEncoding = 4; lastKnownFileType = sourcecode.c.h; path = AlarmNavigationController.h; sourceTree = "<group>"; };
		5A81F04C1A9E80510031F2CD /* AlarmNavigationController.m */ = {isa = PBXFileReference; fileEncoding = 4; lastKnownFileType = sourcecode.c.objc; path = AlarmNavigationController.m; sourceTree = "<group>"; };
		5A81F0581A9EAF4E0031F2CD /* SwitchTableViewCell.h */ = {isa = PBXFileReference; fileEncoding = 4; lastKnownFileType = sourcecode.c.h; path = SwitchTableViewCell.h; sourceTree = "<group>"; };
		5A81F0591A9EAF4E0031F2CD /* SwitchTableViewCell.m */ = {isa = PBXFileReference; fileEncoding = 4; lastKnownFileType = sourcecode.c.objc; path = SwitchTableViewCell.m; sourceTree = "<group>"; };
		5A85E2331A95687A0077D491 /* Base64Transcoder.c */ = {isa = PBXFileReference; fileEncoding = 4; lastKnownFileType = sourcecode.c.c; name = Base64Transcoder.c; path = Crypto/Base64Transcoder.c; sourceTree = "<group>"; };
		5A85E2341A95687A0077D491 /* Base64Transcoder.h */ = {isa = PBXFileReference; fileEncoding = 4; lastKnownFileType = sourcecode.c.h; name = Base64Transcoder.h; path = Crypto/Base64Transcoder.h; sourceTree = "<group>"; };
		5A85E2351A95687A0077D491 /* hmac.c */ = {isa = PBXFileReference; fileEncoding = 4; lastKnownFileType = sourcecode.c.c; name = hmac.c; path = Crypto/hmac.c; sourceTree = "<group>"; };
		5A85E2361A95687A0077D491 /* hmac.h */ = {isa = PBXFileReference; fileEncoding = 4; lastKnownFileType = sourcecode.c.h; name = hmac.h; path = Crypto/hmac.h; sourceTree = "<group>"; };
		5A85E2371A95687A0077D491 /* sha1.c */ = {isa = PBXFileReference; fileEncoding = 4; lastKnownFileType = sourcecode.c.c; name = sha1.c; path = Crypto/sha1.c; sourceTree = "<group>"; };
		5A85E2381A95687A0077D491 /* sha1.h */ = {isa = PBXFileReference; fileEncoding = 4; lastKnownFileType = sourcecode.c.h; name = sha1.h; path = Crypto/sha1.h; sourceTree = "<group>"; };
		5A85E23C1A9568BB0077D491 /* LoginWebViewController.h */ = {isa = PBXFileReference; fileEncoding = 4; lastKnownFileType = sourcecode.c.h; path = LoginWebViewController.h; sourceTree = "<group>"; };
		5A85E23D1A9568BB0077D491 /* LoginWebViewController.m */ = {isa = PBXFileReference; fileEncoding = 4; lastKnownFileType = sourcecode.c.objc; path = LoginWebViewController.m; sourceTree = "<group>"; };
		5A85E23E1A9568BB0077D491 /* NSString+URLEncoding.h */ = {isa = PBXFileReference; fileEncoding = 4; lastKnownFileType = sourcecode.c.h; path = "NSString+URLEncoding.h"; sourceTree = "<group>"; };
		5A85E23F1A9568BB0077D491 /* NSString+URLEncoding.m */ = {isa = PBXFileReference; fileEncoding = 4; lastKnownFileType = sourcecode.c.objc; path = "NSString+URLEncoding.m"; sourceTree = "<group>"; };
		5A85E2401A9568BB0077D491 /* OAuth1Controller.h */ = {isa = PBXFileReference; fileEncoding = 4; lastKnownFileType = sourcecode.c.h; path = OAuth1Controller.h; sourceTree = "<group>"; };
		5A85E2411A9568BB0077D491 /* OAuth1Controller.m */ = {isa = PBXFileReference; fileEncoding = 4; lastKnownFileType = sourcecode.c.objc; path = OAuth1Controller.m; sourceTree = "<group>"; };
		5A85E2421A9568BB0077D491 /* Info.plist */ = {isa = PBXFileReference; fileEncoding = 4; lastKnownFileType = text.plist.xml; path = Info.plist; sourceTree = "<group>"; };
		5A85E2431A9568BB0077D491 /* AlarmFit.pch */ = {isa = PBXFileReference; fileEncoding = 4; lastKnownFileType = sourcecode.c.h; path = AlarmFit.pch; sourceTree = "<group>"; };
		5A85E2441A9568BB0077D491 /* AlarmFit.entitlements */ = {isa = PBXFileReference; fileEncoding = 4; lastKnownFileType = text.xml; path = AlarmFit.entitlements; sourceTree = "<group>"; };
		5A85E24B1A9574630077D491 /* UIKit.framework */ = {isa = PBXFileReference; lastKnownFileType = wrapper.framework; name = UIKit.framework; path = System/Library/Frameworks/UIKit.framework; sourceTree = SDKROOT; };
		5A85E24D1A95746E0077D491 /* Foundation.framework */ = {isa = PBXFileReference; lastKnownFileType = wrapper.framework; name = Foundation.framework; path = System/Library/Frameworks/Foundation.framework; sourceTree = SDKROOT; };
		5A85E24F1A9574760077D491 /* CoreGraphics.framework */ = {isa = PBXFileReference; lastKnownFileType = wrapper.framework; name = CoreGraphics.framework; path = System/Library/Frameworks/CoreGraphics.framework; sourceTree = SDKROOT; };
		5ABC176D1A9F1AC300F0EF3B /* battery.png */ = {isa = PBXFileReference; lastKnownFileType = image.png; name = battery.png; path = "../../../../../../cmu/Courses/08766 - MPCS/AlarmFit/AlarmFit/AlarmFit/battery.png"; sourceTree = "<group>"; };
		5AF99D581A9F172400C8C47F /* avatar.png */ = {isa = PBXFileReference; lastKnownFileType = image.png; name = avatar.png; path = "../../../../../../cmu/Courses/08766 - MPCS/AlarmFit/AlarmFit/AlarmFit/avatar.png"; sourceTree = "<group>"; };
		5AFDB4D41A9F2507008A4E77 /* StatisticsViewController.h */ = {isa = PBXFileReference; fileEncoding = 4; lastKnownFileType = sourcecode.c.h; path = StatisticsViewController.h; sourceTree = "<group>"; };
		5AFDB4D51A9F2507008A4E77 /* StatisticsViewController.m */ = {isa = PBXFileReference; fileEncoding = 4; lastKnownFileType = sourcecode.c.objc; path = StatisticsViewController.m; sourceTree = "<group>"; };
		5AFDB4D71A9F2984008A4E77 /* sleep_graph.png */ = {isa = PBXFileReference; lastKnownFileType = image.png; name = sleep_graph.png; path = "../../../../../../cmu/Courses/08766 - MPCS/AlarmFit/AlarmFit/AlarmFit/sleep_graph.png"; sourceTree = "<group>"; };
		5AFDB4D91A9F2E15008A4E77 /* SettingsViewController.h */ = {isa = PBXFileReference; fileEncoding = 4; lastKnownFileType = sourcecode.c.h; path = SettingsViewController.h; sourceTree = "<group>"; };
		5AFDB4DA1A9F2E15008A4E77 /* SettingsViewController.m */ = {isa = PBXFileReference; fileEncoding = 4; lastKnownFileType = sourcecode.c.objc; path = SettingsViewController.m; sourceTree = "<group>"; };
		5AFDB4DC1A9F2E33008A4E77 /* PersonalAlarmViewController.h */ = {isa = PBXFileReference; fileEncoding = 4; lastKnownFileType = sourcecode.c.h; path = PersonalAlarmViewController.h; sourceTree = "<group>"; };
		5AFDB4DD1A9F2E33008A4E77 /* PersonalAlarmViewController.m */ = {isa = PBXFileReference; fileEncoding = 4; lastKnownFileType = sourcecode.c.objc; path = PersonalAlarmViewController.m; sourceTree = "<group>"; };
		5AFFA7AC1A8E9BA200B5B429 /* AlarmFit.app */ = {isa = PBXFileReference; explicitFileType = wrapper.application; includeInIndex = 0; path = AlarmFit.app; sourceTree = BUILT_PRODUCTS_DIR; };
		5AFFA7B11A8E9BA200B5B429 /* main.m */ = {isa = PBXFileReference; lastKnownFileType = sourcecode.c.objc; path = main.m; sourceTree = "<group>"; };
		5AFFA7B31A8E9BA200B5B429 /* AppDelegate.h */ = {isa = PBXFileReference; lastKnownFileType = sourcecode.c.h; path = AppDelegate.h; sourceTree = "<group>"; };
		5AFFA7B41A8E9BA200B5B429 /* AppDelegate.m */ = {isa = PBXFileReference; lastKnownFileType = sourcecode.c.objc; path = AppDelegate.m; sourceTree = "<group>"; };
		5AFFA7B61A8E9BA200B5B429 /* FirstViewController.h */ = {isa = PBXFileReference; lastKnownFileType = sourcecode.c.h; path = FirstViewController.h; sourceTree = "<group>"; };
		5AFFA7B71A8E9BA200B5B429 /* FirstViewController.m */ = {isa = PBXFileReference; lastKnownFileType = sourcecode.c.objc; path = FirstViewController.m; sourceTree = "<group>"; };
		5AFFA7B91A8E9BA200B5B429 /* SecondViewController.h */ = {isa = PBXFileReference; lastKnownFileType = sourcecode.c.h; path = SecondViewController.h; sourceTree = "<group>"; };
		5AFFA7BA1A8E9BA200B5B429 /* SecondViewController.m */ = {isa = PBXFileReference; lastKnownFileType = sourcecode.c.objc; path = SecondViewController.m; sourceTree = "<group>"; };
		5AFFA7BD1A8E9BA200B5B429 /* Base */ = {isa = PBXFileReference; lastKnownFileType = file.storyboard; name = Base; path = Base.lproj/MainStoryboard.storyboard; sourceTree = "<group>"; };
		5AFFA7BF1A8E9BA200B5B429 /* Images.xcassets */ = {isa = PBXFileReference; lastKnownFileType = folder.assetcatalog; path = Images.xcassets; sourceTree = "<group>"; };
		5AFFA7C21A8E9BA200B5B429 /* Base */ = {isa = PBXFileReference; lastKnownFileType = file.xib; name = Base; path = Base.lproj/LaunchScreen.xib; sourceTree = "<group>"; };
		5AFFA7C81A8E9BA200B5B429 /* AlarmFitTests.xctest */ = {isa = PBXFileReference; explicitFileType = wrapper.cfbundle; includeInIndex = 0; path = AlarmFitTests.xctest; sourceTree = BUILT_PRODUCTS_DIR; };
		5AFFA7CD1A8E9BA200B5B429 /* Info.plist */ = {isa = PBXFileReference; lastKnownFileType = text.plist.xml; path = Info.plist; sourceTree = "<group>"; };
		5AFFA7CE1A8E9BA200B5B429 /* AlarmFitTests.m */ = {isa = PBXFileReference; lastKnownFileType = sourcecode.c.objc; path = AlarmFitTests.m; sourceTree = "<group>"; };
/* End PBXFileReference section */

/* Begin PBXFrameworksBuildPhase section */
		5AFFA7A91A8E9BA200B5B429 /* Frameworks */ = {
			isa = PBXFrameworksBuildPhase;
			buildActionMask = 2147483647;
			files = (
				5A85E2501A9574760077D491 /* CoreGraphics.framework in Frameworks */,
				5A85E24E1A95746E0077D491 /* Foundation.framework in Frameworks */,
				5A85E24C1A9574630077D491 /* UIKit.framework in Frameworks */,
			);
			runOnlyForDeploymentPostprocessing = 0;
		};
		5AFFA7C51A8E9BA200B5B429 /* Frameworks */ = {
			isa = PBXFrameworksBuildPhase;
			buildActionMask = 2147483647;
			files = (
			);
			runOnlyForDeploymentPostprocessing = 0;
		};
/* End PBXFrameworksBuildPhase section */

/* Begin PBXGroup section */
		5A81F0511A9EABFD0031F2CD /* UI Elements */ = {
			isa = PBXGroup;
			children = (
				5A81F0581A9EAF4E0031F2CD /* SwitchTableViewCell.h */,
				5A81F0591A9EAF4E0031F2CD /* SwitchTableViewCell.m */,
			);
			name = "UI Elements";
			sourceTree = "<group>";
		};
		5A81F05B1A9EB0330031F2CD /* Controllers */ = {
			isa = PBXGroup;
			children = (
				2F9B72231A95C29600542332 /* SetAlarmTableViewController.h */,
				2F9B72241A95C29600542332 /* SetAlarmTableViewController.m */,
				2F9B72201A95C0E800542332 /* NewAlarmViewController.h */,
				2F9B72211A95C0E800542332 /* NewAlarmViewController.m */,
			);
			name = Controllers;
			sourceTree = "<group>";
		};
		5A85E2301A95684F0077D491 /* OAuth-1 */ = {
			isa = PBXGroup;
			children = (
				5A85E2321A9568630077D491 /* Crypto */,
				5A85E23E1A9568BB0077D491 /* NSString+URLEncoding.h */,
				5A85E23F1A9568BB0077D491 /* NSString+URLEncoding.m */,
				5A85E2401A9568BB0077D491 /* OAuth1Controller.h */,
				5A85E2411A9568BB0077D491 /* OAuth1Controller.m */,
			);
			name = "OAuth-1";
			sourceTree = "<group>";
		};
		5A85E2321A9568630077D491 /* Crypto */ = {
			isa = PBXGroup;
			children = (
				5A85E2331A95687A0077D491 /* Base64Transcoder.c */,
				5A85E2341A95687A0077D491 /* Base64Transcoder.h */,
				5A85E2351A95687A0077D491 /* hmac.c */,
				5A85E2361A95687A0077D491 /* hmac.h */,
				5A85E2371A95687A0077D491 /* sha1.c */,
				5A85E2381A95687A0077D491 /* sha1.h */,
			);
			name = Crypto;
			sourceTree = "<group>";
		};
		5A85E24A1A9568FD0077D491 /* Supporting Files */ = {
			isa = PBXGroup;
			children = (
			);
			name = "Supporting Files";
			sourceTree = "<group>";
		};
		5AB1B03E1A9678B200446E31 /* Model */ = {
			isa = PBXGroup;
			children = (
				2F9B72261A95CEB500542332 /* Alarm.h */,
				2F9B72271A95CEB500542332 /* Alarm.m */,
			);
			name = Model;
			sourceTree = "<group>";
		};
		5AB1B03F1A9678D000446E31 /* TabControllers */ = {
			isa = PBXGroup;
			children = (
				5AFFA7B61A8E9BA200B5B429 /* FirstViewController.h */,
				5AFFA7B71A8E9BA200B5B429 /* FirstViewController.m */,
				5AFFA7B91A8E9BA200B5B429 /* SecondViewController.h */,
				5AFFA7BA1A8E9BA200B5B429 /* SecondViewController.m */,
				5AFDB4D41A9F2507008A4E77 /* StatisticsViewController.h */,
				5AFDB4D51A9F2507008A4E77 /* StatisticsViewController.m */,
				5AFDB4D91A9F2E15008A4E77 /* SettingsViewController.h */,
				5AFDB4DA1A9F2E15008A4E77 /* SettingsViewController.m */,
				5AFDB4DC1A9F2E33008A4E77 /* PersonalAlarmViewController.h */,
				5AFDB4DD1A9F2E33008A4E77 /* PersonalAlarmViewController.m */,
			);
			name = TabControllers;
			sourceTree = "<group>";
		};
		5AB1B0401A96790000446E31 /* Authentication */ = {
			isa = PBXGroup;
			children = (
				5A85E23C1A9568BB0077D491 /* LoginWebViewController.h */,
				5A85E23D1A9568BB0077D491 /* LoginWebViewController.m */,
			);
			name = Authentication;
			sourceTree = "<group>";
		};
		5AF99D5A1A9F172C00C8C47F /* Images */ = {
			isa = PBXGroup;
			children = (
				5AFDB4D71A9F2984008A4E77 /* sleep_graph.png */,
				5ABC176D1A9F1AC300F0EF3B /* battery.png */,
				5AF99D581A9F172400C8C47F /* avatar.png */,
			);
			name = Images;
			sourceTree = "<group>";
		};
		5AFFA7A31A8E9BA200B5B429 = {
			isa = PBXGroup;
			children = (
				5A1378451A95841700CA01BF /* Default-568h@2x.png */,
				5A85E24F1A9574760077D491 /* CoreGraphics.framework */,
				5A85E24D1A95746E0077D491 /* Foundation.framework */,
				5A85E24B1A9574630077D491 /* UIKit.framework */,
				5AFFA7AE1A8E9BA200B5B429 /* AlarmFit */,
				5AFFA7CB1A8E9BA200B5B429 /* AlarmFitTests */,
				5AFFA7AD1A8E9BA200B5B429 /* Products */,
			);
			sourceTree = "<group>";
		};
		5AFFA7AD1A8E9BA200B5B429 /* Products */ = {
			isa = PBXGroup;
			children = (
				5AFFA7AC1A8E9BA200B5B429 /* AlarmFit.app */,
				5AFFA7C81A8E9BA200B5B429 /* AlarmFitTests.xctest */,
			);
			name = Products;
			sourceTree = "<group>";
		};
		5AFFA7AE1A8E9BA200B5B429 /* AlarmFit */ = {
			isa = PBXGroup;
			children = (
				5A81F0511A9EABFD0031F2CD /* UI Elements */,
				5A85E2441A9568BB0077D491 /* AlarmFit.entitlements */,
				5AFFA7B31A8E9BA200B5B429 /* AppDelegate.h */,
				5AFFA7B41A8E9BA200B5B429 /* AppDelegate.m */,
				5A81F04B1A9E80510031F2CD /* AlarmNavigationController.h */,
				5AF99D5A1A9F172C00C8C47F /* Images */,
				5A81F04C1A9E80510031F2CD /* AlarmNavigationController.m */,
				5A81F05B1A9EB0330031F2CD /* Controllers */,
				5AFFA7BC1A8E9BA200B5B429 /* MainStoryboard.storyboard */,
				5AB1B03F1A9678D000446E31 /* TabControllers */,
				5AB1B03E1A9678B200446E31 /* Model */,
				5AB1B0401A96790000446E31 /* Authentication */,
				5A85E2301A95684F0077D491 /* OAuth-1 */,
				5A85E24A1A9568FD0077D491 /* Supporting Files */,
				5AFFA7BF1A8E9BA200B5B429 /* Images.xcassets */,
				5AFFA7C11A8E9BA200B5B429 /* LaunchScreen.xib */,
				5AFFA7AF1A8E9BA200B5B429 /* Supporting Files */,
			);
			path = AlarmFit;
			sourceTree = "<group>";
		};
		5AFFA7AF1A8E9BA200B5B429 /* Supporting Files */ = {
			isa = PBXGroup;
			children = (
				5A85E2421A9568BB0077D491 /* Info.plist */,
				5A85E2431A9568BB0077D491 /* AlarmFit.pch */,
				5AFFA7B11A8E9BA200B5B429 /* main.m */,
			);
			name = "Supporting Files";
			sourceTree = "<group>";
		};
		5AFFA7CB1A8E9BA200B5B429 /* AlarmFitTests */ = {
			isa = PBXGroup;
			children = (
				5AFFA7CE1A8E9BA200B5B429 /* AlarmFitTests.m */,
				5AFFA7CC1A8E9BA200B5B429 /* Supporting Files */,
			);
			path = AlarmFitTests;
			sourceTree = "<group>";
		};
		5AFFA7CC1A8E9BA200B5B429 /* Supporting Files */ = {
			isa = PBXGroup;
			children = (
				5AFFA7CD1A8E9BA200B5B429 /* Info.plist */,
			);
			name = "Supporting Files";
			sourceTree = "<group>";
		};
/* End PBXGroup section */

/* Begin PBXNativeTarget section */
		5AFFA7AB1A8E9BA200B5B429 /* AlarmFit */ = {
			isa = PBXNativeTarget;
			buildConfigurationList = 5AFFA7D21A8E9BA200B5B429 /* Build configuration list for PBXNativeTarget "AlarmFit" */;
			buildPhases = (
				5AFFA7A81A8E9BA200B5B429 /* Sources */,
				5AFFA7A91A8E9BA200B5B429 /* Frameworks */,
				5AFFA7AA1A8E9BA200B5B429 /* Resources */,
			);
			buildRules = (
			);
			dependencies = (
			);
			name = AlarmFit;
			productName = AlarmFit;
			productReference = 5AFFA7AC1A8E9BA200B5B429 /* AlarmFit.app */;
			productType = "com.apple.product-type.application";
		};
		5AFFA7C71A8E9BA200B5B429 /* AlarmFitTests */ = {
			isa = PBXNativeTarget;
			buildConfigurationList = 5AFFA7D51A8E9BA200B5B429 /* Build configuration list for PBXNativeTarget "AlarmFitTests" */;
			buildPhases = (
				5AFFA7C41A8E9BA200B5B429 /* Sources */,
				5AFFA7C51A8E9BA200B5B429 /* Frameworks */,
				5AFFA7C61A8E9BA200B5B429 /* Resources */,
			);
			buildRules = (
			);
			dependencies = (
				5AFFA7CA1A8E9BA200B5B429 /* PBXTargetDependency */,
			);
			name = AlarmFitTests;
			productName = AlarmFitTests;
			productReference = 5AFFA7C81A8E9BA200B5B429 /* AlarmFitTests.xctest */;
			productType = "com.apple.product-type.bundle.unit-test";
		};
/* End PBXNativeTarget section */

/* Begin PBXProject section */
		5AFFA7A41A8E9BA200B5B429 /* Project object */ = {
			isa = PBXProject;
			attributes = {
				LastUpgradeCheck = 0600;
				ORGANIZATIONNAME = chrysanthicodes;
				TargetAttributes = {
					5AFFA7AB1A8E9BA200B5B429 = {
						CreatedOnToolsVersion = 6.0.1;
						DevelopmentTeam = L2K4US24GC;
					};
					5AFFA7C71A8E9BA200B5B429 = {
						CreatedOnToolsVersion = 6.0.1;
						TestTargetID = 5AFFA7AB1A8E9BA200B5B429;
					};
				};
			};
			buildConfigurationList = 5AFFA7A71A8E9BA200B5B429 /* Build configuration list for PBXProject "AlarmFit" */;
			compatibilityVersion = "Xcode 3.2";
			developmentRegion = English;
			hasScannedForEncodings = 0;
			knownRegions = (
				en,
				Base,
			);
			mainGroup = 5AFFA7A31A8E9BA200B5B429;
			productRefGroup = 5AFFA7AD1A8E9BA200B5B429 /* Products */;
			projectDirPath = "";
			projectRoot = "";
			targets = (
				5AFFA7AB1A8E9BA200B5B429 /* AlarmFit */,
				5AFFA7C71A8E9BA200B5B429 /* AlarmFitTests */,
			);
		};
/* End PBXProject section */

/* Begin PBXResourcesBuildPhase section */
		5AFFA7AA1A8E9BA200B5B429 /* Resources */ = {
			isa = PBXResourcesBuildPhase;
			buildActionMask = 2147483647;
			files = (
				5A85E2481A9568BB0077D491 /* Info.plist in Resources */,
				5AFFA7BE1A8E9BA200B5B429 /* MainStoryboard.storyboard in Resources */,
				5A85E2491A9568BB0077D491 /* AlarmFit.entitlements in Resources */,
				5A5D96811A9E6DE900E03779 /* Images.xcassets in Resources */,
				5AFFA7C31A8E9BA200B5B429 /* LaunchScreen.xib in Resources */,
				5A1378461A95871E00CA01BF /* Default-568h@2x.png in Resources */,
			);
			runOnlyForDeploymentPostprocessing = 0;
		};
		5AFFA7C61A8E9BA200B5B429 /* Resources */ = {
			isa = PBXResourcesBuildPhase;
			buildActionMask = 2147483647;
			files = (
			);
			runOnlyForDeploymentPostprocessing = 0;
		};
/* End PBXResourcesBuildPhase section */

/* Begin PBXSourcesBuildPhase section */
		5AFFA7A81A8E9BA200B5B429 /* Sources */ = {
			isa = PBXSourcesBuildPhase;
			buildActionMask = 2147483647;
			files = (
				2F9B72251A95C29600542332 /* SetAlarmTableViewController.m in Sources */,
				5A85E2461A9568BB0077D491 /* NSString+URLEncoding.m in Sources */,
				5AFDB4DE1A9F2E33008A4E77 /* PersonalAlarmViewController.m in Sources */,
				5A85E23A1A95687A0077D491 /* hmac.c in Sources */,
				5A81F04D1A9E80510031F2CD /* AlarmNavigationController.m in Sources */,
				5A85E2451A9568BB0077D491 /* LoginWebViewController.m in Sources */,
				5AFFA7BB1A8E9BA200B5B429 /* SecondViewController.m in Sources */,
				5AFFA7B51A8E9BA200B5B429 /* AppDelegate.m in Sources */,
				5AFFA7B81A8E9BA200B5B429 /* FirstViewController.m in Sources */,
				2F9B72221A95C0E800542332 /* NewAlarmViewController.m in Sources */,
				5AFDB4DB1A9F2E15008A4E77 /* SettingsViewController.m in Sources */,
				5A85E23B1A95687A0077D491 /* sha1.c in Sources */,
				5A81F05A1A9EAF4E0031F2CD /* SwitchTableViewCell.m in Sources */,
				2F9B72281A95CEB500542332 /* Alarm.m in Sources */,
				5A85E2471A9568BB0077D491 /* OAuth1Controller.m in Sources */,
				5A85E2391A95687A0077D491 /* Base64Transcoder.c in Sources */,
				5AFFA7B21A8E9BA200B5B429 /* main.m in Sources */,
				5AFDB4D61A9F2507008A4E77 /* StatisticsViewController.m in Sources */,
			);
			runOnlyForDeploymentPostprocessing = 0;
		};
		5AFFA7C41A8E9BA200B5B429 /* Sources */ = {
			isa = PBXSourcesBuildPhase;
			buildActionMask = 2147483647;
			files = (
				5AFFA7CF1A8E9BA200B5B429 /* AlarmFitTests.m in Sources */,
			);
			runOnlyForDeploymentPostprocessing = 0;
		};
/* End PBXSourcesBuildPhase section */

/* Begin PBXTargetDependency section */
		5AFFA7CA1A8E9BA200B5B429 /* PBXTargetDependency */ = {
			isa = PBXTargetDependency;
			target = 5AFFA7AB1A8E9BA200B5B429 /* AlarmFit */;
			targetProxy = 5AFFA7C91A8E9BA200B5B429 /* PBXContainerItemProxy */;
		};
/* End PBXTargetDependency section */

/* Begin PBXVariantGroup section */
		5AFFA7BC1A8E9BA200B5B429 /* MainStoryboard.storyboard */ = {
			isa = PBXVariantGroup;
			children = (
				5AFFA7BD1A8E9BA200B5B429 /* Base */,
			);
			name = MainStoryboard.storyboard;
			sourceTree = "<group>";
		};
		5AFFA7C11A8E9BA200B5B429 /* LaunchScreen.xib */ = {
			isa = PBXVariantGroup;
			children = (
				5AFFA7C21A8E9BA200B5B429 /* Base */,
			);
			name = LaunchScreen.xib;
			sourceTree = "<group>";
		};
/* End PBXVariantGroup section */

/* Begin XCBuildConfiguration section */
		5AFFA7D01A8E9BA200B5B429 /* Debug */ = {
			isa = XCBuildConfiguration;
			buildSettings = {
				ALWAYS_SEARCH_USER_PATHS = NO;
				CLANG_CXX_LANGUAGE_STANDARD = "gnu++0x";
				CLANG_CXX_LIBRARY = "libc++";
				CLANG_ENABLE_MODULES = YES;
				CLANG_ENABLE_OBJC_ARC = YES;
				CLANG_WARN_BOOL_CONVERSION = YES;
				CLANG_WARN_CONSTANT_CONVERSION = YES;
				CLANG_WARN_DIRECT_OBJC_ISA_USAGE = YES_ERROR;
				CLANG_WARN_EMPTY_BODY = YES;
				CLANG_WARN_ENUM_CONVERSION = YES;
				CLANG_WARN_INT_CONVERSION = YES;
				CLANG_WARN_OBJC_ROOT_CLASS = YES_ERROR;
				CLANG_WARN_UNREACHABLE_CODE = YES;
				CLANG_WARN__DUPLICATE_METHOD_MATCH = YES;
				"CODE_SIGN_IDENTITY[sdk=iphoneos*]" = "iPhone Developer";
				COPY_PHASE_STRIP = NO;
				ENABLE_STRICT_OBJC_MSGSEND = YES;
				GCC_C_LANGUAGE_STANDARD = gnu99;
				GCC_DYNAMIC_NO_PIC = NO;
				GCC_OPTIMIZATION_LEVEL = 0;
				GCC_PREPROCESSOR_DEFINITIONS = (
					"DEBUG=1",
					"$(inherited)",
				);
				GCC_SYMBOLS_PRIVATE_EXTERN = NO;
				GCC_WARN_64_TO_32_BIT_CONVERSION = YES;
				GCC_WARN_ABOUT_RETURN_TYPE = YES_ERROR;
				GCC_WARN_UNDECLARED_SELECTOR = YES;
				GCC_WARN_UNINITIALIZED_AUTOS = YES_AGGRESSIVE;
				GCC_WARN_UNUSED_FUNCTION = YES;
				GCC_WARN_UNUSED_VARIABLE = YES;
				IPHONEOS_DEPLOYMENT_TARGET = 8.0;
				MTL_ENABLE_DEBUG_INFO = YES;
				ONLY_ACTIVE_ARCH = YES;
				SDKROOT = iphoneos;
			};
			name = Debug;
		};
		5AFFA7D11A8E9BA200B5B429 /* Release */ = {
			isa = XCBuildConfiguration;
			buildSettings = {
				ALWAYS_SEARCH_USER_PATHS = NO;
				CLANG_CXX_LANGUAGE_STANDARD = "gnu++0x";
				CLANG_CXX_LIBRARY = "libc++";
				CLANG_ENABLE_MODULES = YES;
				CLANG_ENABLE_OBJC_ARC = YES;
				CLANG_WARN_BOOL_CONVERSION = YES;
				CLANG_WARN_CONSTANT_CONVERSION = YES;
				CLANG_WARN_DIRECT_OBJC_ISA_USAGE = YES_ERROR;
				CLANG_WARN_EMPTY_BODY = YES;
				CLANG_WARN_ENUM_CONVERSION = YES;
				CLANG_WARN_INT_CONVERSION = YES;
				CLANG_WARN_OBJC_ROOT_CLASS = YES_ERROR;
				CLANG_WARN_UNREACHABLE_CODE = YES;
				CLANG_WARN__DUPLICATE_METHOD_MATCH = YES;
				"CODE_SIGN_IDENTITY[sdk=iphoneos*]" = "iPhone Developer";
				COPY_PHASE_STRIP = YES;
				ENABLE_NS_ASSERTIONS = NO;
				ENABLE_STRICT_OBJC_MSGSEND = YES;
				GCC_C_LANGUAGE_STANDARD = gnu99;
				GCC_WARN_64_TO_32_BIT_CONVERSION = YES;
				GCC_WARN_ABOUT_RETURN_TYPE = YES_ERROR;
				GCC_WARN_UNDECLARED_SELECTOR = YES;
				GCC_WARN_UNINITIALIZED_AUTOS = YES_AGGRESSIVE;
				GCC_WARN_UNUSED_FUNCTION = YES;
				GCC_WARN_UNUSED_VARIABLE = YES;
				IPHONEOS_DEPLOYMENT_TARGET = 8.0;
				MTL_ENABLE_DEBUG_INFO = NO;
				SDKROOT = iphoneos;
				VALIDATE_PRODUCT = YES;
			};
			name = Release;
		};
		5AFFA7D31A8E9BA200B5B429 /* Debug */ = {
			isa = XCBuildConfiguration;
			buildSettings = {
				ASSETCATALOG_COMPILER_APPICON_NAME = AppIcon;
				ASSETCATALOG_COMPILER_LAUNCHIMAGE_NAME = LaunchImage;
				CODE_SIGN_IDENTITY = "iPhone Developer";
				INFOPLIST_FILE = AlarmFit/Info.plist;
				IPHONEOS_DEPLOYMENT_TARGET = 6.0;
				LD_RUNPATH_SEARCH_PATHS = "$(inherited) @executable_path/Frameworks";
				PRODUCT_NAME = "$(TARGET_NAME)";
			};
			name = Debug;
		};
		5AFFA7D41A8E9BA200B5B429 /* Release */ = {
			isa = XCBuildConfiguration;
			buildSettings = {
				ASSETCATALOG_COMPILER_APPICON_NAME = AppIcon;
				ASSETCATALOG_COMPILER_LAUNCHIMAGE_NAME = LaunchImage;
				CODE_SIGN_IDENTITY = "iPhone Developer";
				INFOPLIST_FILE = AlarmFit/Info.plist;
				IPHONEOS_DEPLOYMENT_TARGET = 6.0;
				LD_RUNPATH_SEARCH_PATHS = "$(inherited) @executable_path/Frameworks";
				PRODUCT_NAME = "$(TARGET_NAME)";
			};
			name = Release;
		};
		5AFFA7D61A8E9BA200B5B429 /* Debug */ = {
			isa = XCBuildConfiguration;
			buildSettings = {
				BUNDLE_LOADER = "$(TEST_HOST)";
				FRAMEWORK_SEARCH_PATHS = (
					"$(SDKROOT)/Developer/Library/Frameworks",
					"$(inherited)",
				);
				GCC_PREPROCESSOR_DEFINITIONS = (
					"DEBUG=1",
					"$(inherited)",
				);
				INFOPLIST_FILE = AlarmFitTests/Info.plist;
				LD_RUNPATH_SEARCH_PATHS = "$(inherited) @executable_path/Frameworks @loader_path/Frameworks";
				PRODUCT_NAME = "$(TARGET_NAME)";
				TEST_HOST = "$(BUILT_PRODUCTS_DIR)/AlarmFit.app/AlarmFit";
			};
			name = Debug;
		};
		5AFFA7D71A8E9BA200B5B429 /* Release */ = {
			isa = XCBuildConfiguration;
			buildSettings = {
				BUNDLE_LOADER = "$(TEST_HOST)";
				FRAMEWORK_SEARCH_PATHS = (
					"$(SDKROOT)/Developer/Library/Frameworks",
					"$(inherited)",
				);
				INFOPLIST_FILE = AlarmFitTests/Info.plist;
				LD_RUNPATH_SEARCH_PATHS = "$(inherited) @executable_path/Frameworks @loader_path/Frameworks";
				PRODUCT_NAME = "$(TARGET_NAME)";
				TEST_HOST = "$(BUILT_PRODUCTS_DIR)/AlarmFit.app/AlarmFit";
			};
			name = Release;
		};
/* End XCBuildConfiguration section */

/* Begin XCConfigurationList section */
		5AFFA7A71A8E9BA200B5B429 /* Build configuration list for PBXProject "AlarmFit" */ = {
			isa = XCConfigurationList;
			buildConfigurations = (
				5AFFA7D01A8E9BA200B5B429 /* Debug */,
				5AFFA7D11A8E9BA200B5B429 /* Release */,
			);
			defaultConfigurationIsVisible = 0;
			defaultConfigurationName = Release;
		};
		5AFFA7D21A8E9BA200B5B429 /* Build configuration list for PBXNativeTarget "AlarmFit" */ = {
			isa = XCConfigurationList;
			buildConfigurations = (
				5AFFA7D31A8E9BA200B5B429 /* Debug */,
				5AFFA7D41A8E9BA200B5B429 /* Release */,
			);
			defaultConfigurationIsVisible = 0;
			defaultConfigurationName = Release;
		};
		5AFFA7D51A8E9BA200B5B429 /* Build configuration list for PBXNativeTarget "AlarmFitTests" */ = {
			isa = XCConfigurationList;
			buildConfigurations = (
				5AFFA7D61A8E9BA200B5B429 /* Debug */,
				5AFFA7D71A8E9BA200B5B429 /* Release */,
			);
			defaultConfigurationIsVisible = 0;
			defaultConfigurationName = Release;
		};
/* End XCConfigurationList section */
	};
	rootObject = 5AFFA7A41A8E9BA200B5B429 /* Project object */;
}
